// !$*UTF8*$!
{
	archiveVersion = 1;
	classes = {
	};
	objectVersion = 50;
	objects = {

/* Begin PBXBuildFile section */
		B89CFB1D235C3AA80019FB25 /* AppDelegate.swift in Sources */ = {isa = PBXBuildFile; fileRef = B89CFB1C235C3AA80019FB25 /* AppDelegate.swift */; };
		B89CFB1F235C3AA80019FB25 /* SceneDelegate.swift in Sources */ = {isa = PBXBuildFile; fileRef = B89CFB1E235C3AA80019FB25 /* SceneDelegate.swift */; };
		B89CFB21235C3AA80019FB25 /* ViewController.swift in Sources */ = {isa = PBXBuildFile; fileRef = B89CFB20235C3AA80019FB25 /* ViewController.swift */; };
		B89CFB24235C3AA80019FB25 /* Main.storyboard in Resources */ = {isa = PBXBuildFile; fileRef = B89CFB22235C3AA80019FB25 /* Main.storyboard */; };
		B89CFB27235C3AA80019FB25 /* Epione.xcdatamodeld in Sources */ = {isa = PBXBuildFile; fileRef = B89CFB25235C3AA80019FB25 /* Epione.xcdatamodeld */; };
		B89CFB29235C3AA90019FB25 /* Assets.xcassets in Resources */ = {isa = PBXBuildFile; fileRef = B89CFB28235C3AA90019FB25 /* Assets.xcassets */; };
		B89CFB2C235C3AA90019FB25 /* LaunchScreen.storyboard in Resources */ = {isa = PBXBuildFile; fileRef = B89CFB2A235C3AA90019FB25 /* LaunchScreen.storyboard */; };
		B89CFB37235C3AA90019FB25 /* EpioneTests.swift in Sources */ = {isa = PBXBuildFile; fileRef = B89CFB36235C3AA90019FB25 /* EpioneTests.swift */; };
		B89CFB42235C3AA90019FB25 /* EpioneUITests.swift in Sources */ = {isa = PBXBuildFile; fileRef = B89CFB41235C3AA90019FB25 /* EpioneUITests.swift */; };
/* End PBXBuildFile section */

/* Begin PBXContainerItemProxy section */
		B89CFB33235C3AA90019FB25 /* PBXContainerItemProxy */ = {
			isa = PBXContainerItemProxy;
			containerPortal = B89CFB11235C3AA80019FB25 /* Project object */;
			proxyType = 1;
			remoteGlobalIDString = B89CFB18235C3AA80019FB25;
			remoteInfo = Epione;
		};
		B89CFB3E235C3AA90019FB25 /* PBXContainerItemProxy */ = {
			isa = PBXContainerItemProxy;
			containerPortal = B89CFB11235C3AA80019FB25 /* Project object */;
			proxyType = 1;
			remoteGlobalIDString = B89CFB18235C3AA80019FB25;
			remoteInfo = Epione;
		};
/* End PBXContainerItemProxy section */

/* Begin PBXFileReference section */
		B89CFB19235C3AA80019FB25 /* Epione.app */ = {isa = PBXFileReference; explicitFileType = wrapper.application; includeInIndex = 0; path = Epione.app; sourceTree = BUILT_PRODUCTS_DIR; };
		B89CFB1C235C3AA80019FB25 /* AppDelegate.swift */ = {isa = PBXFileReference; lastKnownFileType = sourcecode.swift; path = AppDelegate.swift; sourceTree = "<group>"; };
		B89CFB1E235C3AA80019FB25 /* SceneDelegate.swift */ = {isa = PBXFileReference; lastKnownFileType = sourcecode.swift; path = SceneDelegate.swift; sourceTree = "<group>"; };
		B89CFB20235C3AA80019FB25 /* ViewController.swift */ = {isa = PBXFileReference; lastKnownFileType = sourcecode.swift; path = ViewController.swift; sourceTree = "<group>"; };
		B89CFB23235C3AA80019FB25 /* Base */ = {isa = PBXFileReference; lastKnownFileType = file.storyboard; name = Base; path = Base.lproj/Main.storyboard; sourceTree = "<group>"; };
		B89CFB26235C3AA80019FB25 /* Epione.xcdatamodel */ = {isa = PBXFileReference; lastKnownFileType = wrapper.xcdatamodel; path = Epione.xcdatamodel; sourceTree = "<group>"; };
		B89CFB28235C3AA90019FB25 /* Assets.xcassets */ = {isa = PBXFileReference; lastKnownFileType = folder.assetcatalog; path = Assets.xcassets; sourceTree = "<group>"; };
		B89CFB2B235C3AA90019FB25 /* Base */ = {isa = PBXFileReference; lastKnownFileType = file.storyboard; name = Base; path = Base.lproj/LaunchScreen.storyboard; sourceTree = "<group>"; };
		B89CFB2D235C3AA90019FB25 /* Info.plist */ = {isa = PBXFileReference; lastKnownFileType = text.plist.xml; path = Info.plist; sourceTree = "<group>"; };
		B89CFB32235C3AA90019FB25 /* EpioneTests.xctest */ = {isa = PBXFileReference; explicitFileType = wrapper.cfbundle; includeInIndex = 0; path = EpioneTests.xctest; sourceTree = BUILT_PRODUCTS_DIR; };
		B89CFB36235C3AA90019FB25 /* EpioneTests.swift */ = {isa = PBXFileReference; lastKnownFileType = sourcecode.swift; path = EpioneTests.swift; sourceTree = "<group>"; };
		B89CFB38235C3AA90019FB25 /* Info.plist */ = {isa = PBXFileReference; lastKnownFileType = text.plist.xml; path = Info.plist; sourceTree = "<group>"; };
		B89CFB3D235C3AA90019FB25 /* EpioneUITests.xctest */ = {isa = PBXFileReference; explicitFileType = wrapper.cfbundle; includeInIndex = 0; path = EpioneUITests.xctest; sourceTree = BUILT_PRODUCTS_DIR; };
		B89CFB41235C3AA90019FB25 /* EpioneUITests.swift */ = {isa = PBXFileReference; lastKnownFileType = sourcecode.swift; path = EpioneUITests.swift; sourceTree = "<group>"; };
		B89CFB43235C3AA90019FB25 /* Info.plist */ = {isa = PBXFileReference; lastKnownFileType = text.plist.xml; path = Info.plist; sourceTree = "<group>"; };
/* End PBXFileReference section */

/* Begin PBXFrameworksBuildPhase section */
		B89CFB16235C3AA80019FB25 /* Frameworks */ = {
			isa = PBXFrameworksBuildPhase;
			buildActionMask = 2147483647;
			files = (
			);
			runOnlyForDeploymentPostprocessing = 0;
		};
		B89CFB2F235C3AA90019FB25 /* Frameworks */ = {
			isa = PBXFrameworksBuildPhase;
			buildActionMask = 2147483647;
			files = (
			);
			runOnlyForDeploymentPostprocessing = 0;
		};
		B89CFB3A235C3AA90019FB25 /* Frameworks */ = {
			isa = PBXFrameworksBuildPhase;
			buildActionMask = 2147483647;
			files = (
			);
			runOnlyForDeploymentPostprocessing = 0;
		};
/* End PBXFrameworksBuildPhase section */

/* Begin PBXGroup section */
		B89CFB10235C3AA80019FB25 = {
			isa = PBXGroup;
			children = (
				B89CFB1B235C3AA80019FB25 /* Epione */,
				B89CFB35235C3AA90019FB25 /* EpioneTests */,
				B89CFB40235C3AA90019FB25 /* EpioneUITests */,
				B89CFB1A235C3AA80019FB25 /* Products */,
			);
			sourceTree = "<group>";
		};
		B89CFB1A235C3AA80019FB25 /* Products */ = {
			isa = PBXGroup;
			children = (
				B89CFB19235C3AA80019FB25 /* Epione.app */,
				B89CFB32235C3AA90019FB25 /* EpioneTests.xctest */,
				B89CFB3D235C3AA90019FB25 /* EpioneUITests.xctest */,
			);
			name = Products;
			sourceTree = "<group>";
		};
		B89CFB1B235C3AA80019FB25 /* Epione */ = {
			isa = PBXGroup;
			children = (
				B89CFB1C235C3AA80019FB25 /* AppDelegate.swift */,
				B89CFB1E235C3AA80019FB25 /* SceneDelegate.swift */,
				B89CFB20235C3AA80019FB25 /* ViewController.swift */,
				B89CFB22235C3AA80019FB25 /* Main.storyboard */,
				B89CFB28235C3AA90019FB25 /* Assets.xcassets */,
				B89CFB2A235C3AA90019FB25 /* LaunchScreen.storyboard */,
				B89CFB2D235C3AA90019FB25 /* Info.plist */,
				B89CFB25235C3AA80019FB25 /* Epione.xcdatamodeld */,
			);
			path = Epione;
			sourceTree = "<group>";
		};
		B89CFB35235C3AA90019FB25 /* EpioneTests */ = {
			isa = PBXGroup;
			children = (
				B89CFB36235C3AA90019FB25 /* EpioneTests.swift */,
				B89CFB38235C3AA90019FB25 /* Info.plist */,
			);
			path = EpioneTests;
			sourceTree = "<group>";
		};
		B89CFB40235C3AA90019FB25 /* EpioneUITests */ = {
			isa = PBXGroup;
			children = (
				B89CFB41235C3AA90019FB25 /* EpioneUITests.swift */,
				B89CFB43235C3AA90019FB25 /* Info.plist */,
			);
			path = EpioneUITests;
			sourceTree = "<group>";
		};
/* End PBXGroup section */

/* Begin PBXNativeTarget section */
		B89CFB18235C3AA80019FB25 /* Epione */ = {
			isa = PBXNativeTarget;
			buildConfigurationList = B89CFB46235C3AA90019FB25 /* Build configuration list for PBXNativeTarget "Epione" */;
			buildPhases = (
				B89CFB15235C3AA80019FB25 /* Sources */,
				B89CFB16235C3AA80019FB25 /* Frameworks */,
				B89CFB17235C3AA80019FB25 /* Resources */,
			);
			buildRules = (
			);
			dependencies = (
			);
			name = Epione;
			productName = Epione;
			productReference = B89CFB19235C3AA80019FB25 /* Epione.app */;
			productType = "com.apple.product-type.application";
		};
		B89CFB31235C3AA90019FB25 /* EpioneTests */ = {
			isa = PBXNativeTarget;
			buildConfigurationList = B89CFB49235C3AA90019FB25 /* Build configuration list for PBXNativeTarget "EpioneTests" */;
			buildPhases = (
				B89CFB2E235C3AA90019FB25 /* Sources */,
				B89CFB2F235C3AA90019FB25 /* Frameworks */,
				B89CFB30235C3AA90019FB25 /* Resources */,
			);
			buildRules = (
			);
			dependencies = (
				B89CFB34235C3AA90019FB25 /* PBXTargetDependency */,
			);
			name = EpioneTests;
			productName = EpioneTests;
			productReference = B89CFB32235C3AA90019FB25 /* EpioneTests.xctest */;
			productType = "com.apple.product-type.bundle.unit-test";
		};
		B89CFB3C235C3AA90019FB25 /* EpioneUITests */ = {
			isa = PBXNativeTarget;
			buildConfigurationList = B89CFB4C235C3AA90019FB25 /* Build configuration list for PBXNativeTarget "EpioneUITests" */;
			buildPhases = (
				B89CFB39235C3AA90019FB25 /* Sources */,
				B89CFB3A235C3AA90019FB25 /* Frameworks */,
				B89CFB3B235C3AA90019FB25 /* Resources */,
			);
			buildRules = (
			);
			dependencies = (
				B89CFB3F235C3AA90019FB25 /* PBXTargetDependency */,
			);
			name = EpioneUITests;
			productName = EpioneUITests;
			productReference = B89CFB3D235C3AA90019FB25 /* EpioneUITests.xctest */;
			productType = "com.apple.product-type.bundle.ui-testing";
		};
/* End PBXNativeTarget section */

/* Begin PBXProject section */
		B89CFB11235C3AA80019FB25 /* Project object */ = {
			isa = PBXProject;
			attributes = {
				LastSwiftUpdateCheck = 1100;
				LastUpgradeCheck = 1100;
				ORGANIZATIONNAME = "Health++";
				TargetAttributes = {
					B89CFB18235C3AA80019FB25 = {
						CreatedOnToolsVersion = 11.0;
					};
					B89CFB31235C3AA90019FB25 = {
						CreatedOnToolsVersion = 11.0;
						TestTargetID = B89CFB18235C3AA80019FB25;
					};
					B89CFB3C235C3AA90019FB25 = {
						CreatedOnToolsVersion = 11.0;
						TestTargetID = B89CFB18235C3AA80019FB25;
					};
				};
			};
			buildConfigurationList = B89CFB14235C3AA80019FB25 /* Build configuration list for PBXProject "Epione" */;
			compatibilityVersion = "Xcode 9.3";
			developmentRegion = en;
			hasScannedForEncodings = 0;
			knownRegions = (
				en,
				Base,
			);
			mainGroup = B89CFB10235C3AA80019FB25;
			productRefGroup = B89CFB1A235C3AA80019FB25 /* Products */;
			projectDirPath = "";
			projectRoot = "";
			targets = (
				B89CFB18235C3AA80019FB25 /* Epione */,
				B89CFB31235C3AA90019FB25 /* EpioneTests */,
				B89CFB3C235C3AA90019FB25 /* EpioneUITests */,
			);
		};
/* End PBXProject section */

/* Begin PBXResourcesBuildPhase section */
		B89CFB17235C3AA80019FB25 /* Resources */ = {
			isa = PBXResourcesBuildPhase;
			buildActionMask = 2147483647;
			files = (
				B89CFB2C235C3AA90019FB25 /* LaunchScreen.storyboard in Resources */,
				B89CFB29235C3AA90019FB25 /* Assets.xcassets in Resources */,
				B89CFB24235C3AA80019FB25 /* Main.storyboard in Resources */,
			);
			runOnlyForDeploymentPostprocessing = 0;
		};
		B89CFB30235C3AA90019FB25 /* Resources */ = {
			isa = PBXResourcesBuildPhase;
			buildActionMask = 2147483647;
			files = (
			);
			runOnlyForDeploymentPostprocessing = 0;
		};
		B89CFB3B235C3AA90019FB25 /* Resources */ = {
			isa = PBXResourcesBuildPhase;
			buildActionMask = 2147483647;
			files = (
			);
			runOnlyForDeploymentPostprocessing = 0;
		};
/* End PBXResourcesBuildPhase section */

/* Begin PBXSourcesBuildPhase section */
		B89CFB15235C3AA80019FB25 /* Sources */ = {
			isa = PBXSourcesBuildPhase;
			buildActionMask = 2147483647;
			files = (
				B89CFB21235C3AA80019FB25 /* ViewController.swift in Sources */,
				B89CFB1D235C3AA80019FB25 /* AppDelegate.swift in Sources */,
				B89CFB1F235C3AA80019FB25 /* SceneDelegate.swift in Sources */,
				B89CFB27235C3AA80019FB25 /* Epione.xcdatamodeld in Sources */,
			);
			runOnlyForDeploymentPostprocessing = 0;
		};
		B89CFB2E235C3AA90019FB25 /* Sources */ = {
			isa = PBXSourcesBuildPhase;
			buildActionMask = 2147483647;
			files = (
				B89CFB37235C3AA90019FB25 /* EpioneTests.swift in Sources */,
			);
			runOnlyForDeploymentPostprocessing = 0;
		};
		B89CFB39235C3AA90019FB25 /* Sources */ = {
			isa = PBXSourcesBuildPhase;
			buildActionMask = 2147483647;
			files = (
				B89CFB42235C3AA90019FB25 /* EpioneUITests.swift in Sources */,
			);
			runOnlyForDeploymentPostprocessing = 0;
		};
/* End PBXSourcesBuildPhase section */

/* Begin PBXTargetDependency section */
		B89CFB34235C3AA90019FB25 /* PBXTargetDependency */ = {
			isa = PBXTargetDependency;
			target = B89CFB18235C3AA80019FB25 /* Epione */;
			targetProxy = B89CFB33235C3AA90019FB25 /* PBXContainerItemProxy */;
		};
		B89CFB3F235C3AA90019FB25 /* PBXTargetDependency */ = {
			isa = PBXTargetDependency;
			target = B89CFB18235C3AA80019FB25 /* Epione */;
			targetProxy = B89CFB3E235C3AA90019FB25 /* PBXContainerItemProxy */;
		};
/* End PBXTargetDependency section */

/* Begin PBXVariantGroup section */
		B89CFB22235C3AA80019FB25 /* Main.storyboard */ = {
			isa = PBXVariantGroup;
			children = (
				B89CFB23235C3AA80019FB25 /* Base */,
			);
			name = Main.storyboard;
			sourceTree = "<group>";
		};
		B89CFB2A235C3AA90019FB25 /* LaunchScreen.storyboard */ = {
			isa = PBXVariantGroup;
			children = (
				B89CFB2B235C3AA90019FB25 /* Base */,
			);
			name = LaunchScreen.storyboard;
			sourceTree = "<group>";
		};
/* End PBXVariantGroup section */

/* Begin XCBuildConfiguration section */
		B89CFB44235C3AA90019FB25 /* Debug */ = {
			isa = XCBuildConfiguration;
			buildSettings = {
				ALWAYS_SEARCH_USER_PATHS = NO;
				CLANG_ANALYZER_NONNULL = YES;
				CLANG_ANALYZER_NUMBER_OBJECT_CONVERSION = YES_AGGRESSIVE;
				CLANG_CXX_LANGUAGE_STANDARD = "gnu++14";
				CLANG_CXX_LIBRARY = "libc++";
				CLANG_ENABLE_MODULES = YES;
				CLANG_ENABLE_OBJC_ARC = YES;
				CLANG_ENABLE_OBJC_WEAK = YES;
				CLANG_WARN_BLOCK_CAPTURE_AUTORELEASING = YES;
				CLANG_WARN_BOOL_CONVERSION = YES;
				CLANG_WARN_COMMA = YES;
				CLANG_WARN_CONSTANT_CONVERSION = YES;
				CLANG_WARN_DEPRECATED_OBJC_IMPLEMENTATIONS = YES;
				CLANG_WARN_DIRECT_OBJC_ISA_USAGE = YES_ERROR;
				CLANG_WARN_DOCUMENTATION_COMMENTS = YES;
				CLANG_WARN_EMPTY_BODY = YES;
				CLANG_WARN_ENUM_CONVERSION = YES;
				CLANG_WARN_INFINITE_RECURSION = YES;
				CLANG_WARN_INT_CONVERSION = YES;
				CLANG_WARN_NON_LITERAL_NULL_CONVERSION = YES;
				CLANG_WARN_OBJC_IMPLICIT_RETAIN_SELF = YES;
				CLANG_WARN_OBJC_LITERAL_CONVERSION = YES;
				CLANG_WARN_OBJC_ROOT_CLASS = YES_ERROR;
				CLANG_WARN_RANGE_LOOP_ANALYSIS = YES;
				CLANG_WARN_STRICT_PROTOTYPES = YES;
				CLANG_WARN_SUSPICIOUS_MOVE = YES;
				CLANG_WARN_UNGUARDED_AVAILABILITY = YES_AGGRESSIVE;
				CLANG_WARN_UNREACHABLE_CODE = YES;
				CLANG_WARN__DUPLICATE_METHOD_MATCH = YES;
				COPY_PHASE_STRIP = NO;
				DEBUG_INFORMATION_FORMAT = dwarf;
				ENABLE_STRICT_OBJC_MSGSEND = YES;
				ENABLE_TESTABILITY = YES;
				GCC_C_LANGUAGE_STANDARD = gnu11;
				GCC_DYNAMIC_NO_PIC = NO;
				GCC_NO_COMMON_BLOCKS = YES;
				GCC_OPTIMIZATION_LEVEL = 0;
				GCC_PREPROCESSOR_DEFINITIONS = (
					"DEBUG=1",
					"$(inherited)",
				);
				GCC_WARN_64_TO_32_BIT_CONVERSION = YES;
				GCC_WARN_ABOUT_RETURN_TYPE = YES_ERROR;
				GCC_WARN_UNDECLARED_SELECTOR = YES;
				GCC_WARN_UNINITIALIZED_AUTOS = YES_AGGRESSIVE;
				GCC_WARN_UNUSED_FUNCTION = YES;
				GCC_WARN_UNUSED_VARIABLE = YES;
				IPHONEOS_DEPLOYMENT_TARGET = 13.0;
				MTL_ENABLE_DEBUG_INFO = INCLUDE_SOURCE;
				MTL_FAST_MATH = YES;
				ONLY_ACTIVE_ARCH = YES;
				SDKROOT = iphoneos;
				SWIFT_ACTIVE_COMPILATION_CONDITIONS = DEBUG;
				SWIFT_OPTIMIZATION_LEVEL = "-Onone";
			};
			name = Debug;
		};
		B89CFB45235C3AA90019FB25 /* Release */ = {
			isa = XCBuildConfiguration;
			buildSettings = {
				ALWAYS_SEARCH_USER_PATHS = NO;
				CLANG_ANALYZER_NONNULL = YES;
				CLANG_ANALYZER_NUMBER_OBJECT_CONVERSION = YES_AGGRESSIVE;
				CLANG_CXX_LANGUAGE_STANDARD = "gnu++14";
				CLANG_CXX_LIBRARY = "libc++";
				CLANG_ENABLE_MODULES = YES;
				CLANG_ENABLE_OBJC_ARC = YES;
				CLANG_ENABLE_OBJC_WEAK = YES;
				CLANG_WARN_BLOCK_CAPTURE_AUTORELEASING = YES;
				CLANG_WARN_BOOL_CONVERSION = YES;
				CLANG_WARN_COMMA = YES;
				CLANG_WARN_CONSTANT_CONVERSION = YES;
				CLANG_WARN_DEPRECATED_OBJC_IMPLEMENTATIONS = YES;
				CLANG_WARN_DIRECT_OBJC_ISA_USAGE = YES_ERROR;
				CLANG_WARN_DOCUMENTATION_COMMENTS = YES;
				CLANG_WARN_EMPTY_BODY = YES;
				CLANG_WARN_ENUM_CONVERSION = YES;
				CLANG_WARN_INFINITE_RECURSION = YES;
				CLANG_WARN_INT_CONVERSION = YES;
				CLANG_WARN_NON_LITERAL_NULL_CONVERSION = YES;
				CLANG_WARN_OBJC_IMPLICIT_RETAIN_SELF = YES;
				CLANG_WARN_OBJC_LITERAL_CONVERSION = YES;
				CLANG_WARN_OBJC_ROOT_CLASS = YES_ERROR;
				CLANG_WARN_RANGE_LOOP_ANALYSIS = YES;
				CLANG_WARN_STRICT_PROTOTYPES = YES;
				CLANG_WARN_SUSPICIOUS_MOVE = YES;
				CLANG_WARN_UNGUARDED_AVAILABILITY = YES_AGGRESSIVE;
				CLANG_WARN_UNREACHABLE_CODE = YES;
				CLANG_WARN__DUPLICATE_METHOD_MATCH = YES;
				COPY_PHASE_STRIP = NO;
				DEBUG_INFORMATION_FORMAT = "dwarf-with-dsym";
				ENABLE_NS_ASSERTIONS = NO;
				ENABLE_STRICT_OBJC_MSGSEND = YES;
				GCC_C_LANGUAGE_STANDARD = gnu11;
				GCC_NO_COMMON_BLOCKS = YES;
				GCC_WARN_64_TO_32_BIT_CONVERSION = YES;
				GCC_WARN_ABOUT_RETURN_TYPE = YES_ERROR;
				GCC_WARN_UNDECLARED_SELECTOR = YES;
				GCC_WARN_UNINITIALIZED_AUTOS = YES_AGGRESSIVE;
				GCC_WARN_UNUSED_FUNCTION = YES;
				GCC_WARN_UNUSED_VARIABLE = YES;
				IPHONEOS_DEPLOYMENT_TARGET = 13.0;
				MTL_ENABLE_DEBUG_INFO = NO;
				MTL_FAST_MATH = YES;
				SDKROOT = iphoneos;
				SWIFT_COMPILATION_MODE = wholemodule;
				SWIFT_OPTIMIZATION_LEVEL = "-O";
				VALIDATE_PRODUCT = YES;
			};
			name = Release;
		};
		B89CFB47235C3AA90019FB25 /* Debug */ = {
			isa = XCBuildConfiguration;
			buildSettings = {
				ASSETCATALOG_COMPILER_APPICON_NAME = AppIcon;
				CODE_SIGN_STYLE = Automatic;
				DEVELOPMENT_TEAM = 9HNU6KR2GZ;
				INFOPLIST_FILE = Epione/Info.plist;
				LD_RUNPATH_SEARCH_PATHS = (
					"$(inherited)",
					"@executable_path/Frameworks",
				);
				PRODUCT_BUNDLE_IDENTIFIER = "com.Health---Epione.Epione";
				PRODUCT_NAME = "$(TARGET_NAME)";
				SWIFT_VERSION = 5.0;
				TARGETED_DEVICE_FAMILY = "1,2";
			};
			name = Debug;
		};
		B89CFB48235C3AA90019FB25 /* Release */ = {
			isa = XCBuildConfiguration;
			buildSettings = {
				ASSETCATALOG_COMPILER_APPICON_NAME = AppIcon;
				CODE_SIGN_STYLE = Automatic;
				DEVELOPMENT_TEAM = 9HNU6KR2GZ;
				INFOPLIST_FILE = Epione/Info.plist;
				LD_RUNPATH_SEARCH_PATHS = (
					"$(inherited)",
					"@executable_path/Frameworks",
				);
				PRODUCT_BUNDLE_IDENTIFIER = "com.Health---Epione.Epione";
				PRODUCT_NAME = "$(TARGET_NAME)";
				SWIFT_VERSION = 5.0;
				TARGETED_DEVICE_FAMILY = "1,2";
			};
			name = Release;
		};
		B89CFB4A235C3AA90019FB25 /* Debug */ = {
			isa = XCBuildConfiguration;
			buildSettings = {
				ALWAYS_EMBED_SWIFT_STANDARD_LIBRARIES = YES;
				BUNDLE_LOADER = "$(TEST_HOST)";
				CODE_SIGN_STYLE = Automatic;
				DEVELOPMENT_TEAM = 9HNU6KR2GZ;
				INFOPLIST_FILE = EpioneTests/Info.plist;
				IPHONEOS_DEPLOYMENT_TARGET = 13.0;
				LD_RUNPATH_SEARCH_PATHS = (
					"$(inherited)",
					"@executable_path/Frameworks",
					"@loader_path/Frameworks",
				);
				PRODUCT_BUNDLE_IDENTIFIER = "com.Health---Epione.EpioneTests";
				PRODUCT_NAME = "$(TARGET_NAME)";
				SWIFT_VERSION = 5.0;
				TARGETED_DEVICE_FAMILY = "1,2";
				TEST_HOST = "$(BUILT_PRODUCTS_DIR)/Epione.app/Epione";
			};
			name = Debug;
		};
		B89CFB4B235C3AA90019FB25 /* Release */ = {
			isa = XCBuildConfiguration;
			buildSettings = {
				ALWAYS_EMBED_SWIFT_STANDARD_LIBRARIES = YES;
				BUNDLE_LOADER = "$(TEST_HOST)";
				CODE_SIGN_STYLE = Automatic;
				DEVELOPMENT_TEAM = 9HNU6KR2GZ;
				INFOPLIST_FILE = EpioneTests/Info.plist;
				IPHONEOS_DEPLOYMENT_TARGET = 13.0;
				LD_RUNPATH_SEARCH_PATHS = (
					"$(inherited)",
					"@executable_path/Frameworks",
					"@loader_path/Frameworks",
				);
				PRODUCT_BUNDLE_IDENTIFIER = "com.Health---Epione.EpioneTests";
				PRODUCT_NAME = "$(TARGET_NAME)";
				SWIFT_VERSION = 5.0;
				TARGETED_DEVICE_FAMILY = "1,2";
				TEST_HOST = "$(BUILT_PRODUCTS_DIR)/Epione.app/Epione";
			};
			name = Release;
		};
		B89CFB4D235C3AA90019FB25 /* Debug */ = {
			isa = XCBuildConfiguration;
			buildSettings = {
				ALWAYS_EMBED_SWIFT_STANDARD_LIBRARIES = YES;
				CODE_SIGN_STYLE = Automatic;
				DEVELOPMENT_TEAM = 9HNU6KR2GZ;
				INFOPLIST_FILE = EpioneUITests/Info.plist;
				LD_RUNPATH_SEARCH_PATHS = (
					"$(inherited)",
					"@executable_path/Frameworks",
					"@loader_path/Frameworks",
				);
				PRODUCT_BUNDLE_IDENTIFIER = "com.Health---Epione.EpioneUITests";
				PRODUCT_NAME = "$(TARGET_NAME)";
				SWIFT_VERSION = 5.0;
				TARGETED_DEVICE_FAMILY = "1,2";
				TEST_TARGET_NAME = Epione;
			};
			name = Debug;
		};
		B89CFB4E235C3AA90019FB25 /* Release */ = {
			isa = XCBuildConfiguration;
			buildSettings = {
				ALWAYS_EMBED_SWIFT_STANDARD_LIBRARIES = YES;
				CODE_SIGN_STYLE = Automatic;
				DEVELOPMENT_TEAM = 9HNU6KR2GZ;
				INFOPLIST_FILE = EpioneUITests/Info.plist;
				LD_RUNPATH_SEARCH_PATHS = (
					"$(inherited)",
					"@executable_path/Frameworks",
					"@loader_path/Frameworks",
				);
				PRODUCT_BUNDLE_IDENTIFIER = "com.Health---Epione.EpioneUITests";
				PRODUCT_NAME = "$(TARGET_NAME)";
				SWIFT_VERSION = 5.0;
				TARGETED_DEVICE_FAMILY = "1,2";
				TEST_TARGET_NAME = Epione;
			};
			name = Release;
		};
/* End XCBuildConfiguration section */

/* Begin XCConfigurationList section */
		B89CFB14235C3AA80019FB25 /* Build configuration list for PBXProject "Epione" */ = {
			isa = XCConfigurationList;
			buildConfigurations = (
				B89CFB44235C3AA90019FB25 /* Debug */,
				B89CFB45235C3AA90019FB25 /* Release */,
			);
			defaultConfigurationIsVisible = 0;
			defaultConfigurationName = Release;
		};
		B89CFB46235C3AA90019FB25 /* Build configuration list for PBXNativeTarget "Epione" */ = {
			isa = XCConfigurationList;
			buildConfigurations = (
				B89CFB47235C3AA90019FB25 /* Debug */,
				B89CFB48235C3AA90019FB25 /* Release */,
			);
			defaultConfigurationIsVisible = 0;
			defaultConfigurationName = Release;
		};
		B89CFB49235C3AA90019FB25 /* Build configuration list for PBXNativeTarget "EpioneTests" */ = {
			isa = XCConfigurationList;
			buildConfigurations = (
				B89CFB4A235C3AA90019FB25 /* Debug */,
				B89CFB4B235C3AA90019FB25 /* Release */,
			);
			defaultConfigurationIsVisible = 0;
			defaultConfigurationName = Release;
		};
		B89CFB4C235C3AA90019FB25 /* Build configuration list for PBXNativeTarget "EpioneUITests" */ = {
			isa = XCConfigurationList;
			buildConfigurations = (
				B89CFB4D235C3AA90019FB25 /* Debug */,
				B89CFB4E235C3AA90019FB25 /* Release */,
			);
			defaultConfigurationIsVisible = 0;
			defaultConfigurationName = Release;
		};
/* End XCConfigurationList section */

/* Begin XCVersionGroup section */
		B89CFB25235C3AA80019FB25 /* Epione.xcdatamodeld */ = {
			isa = XCVersionGroup;
			children = (
				B89CFB26235C3AA80019FB25 /* Epione.xcdatamodel */,
			);
			currentVersion = B89CFB26235C3AA80019FB25 /* Epione.xcdatamodel */;
			path = Epione.xcdatamodeld;
			sourceTree = "<group>";
			versionGroupType = wrapper.xcdatamodel;
		};
/* End XCVersionGroup section */
	};
	rootObject = B89CFB11235C3AA80019FB25 /* Project object */;
}
